
Microsoft Visual Studio Solution File, Format Version 12.00
# Visual Studio Version 16
VisualStudioVersion = 25.0.1706.3
MinimumVisualStudioVersion = 10.0.40219.1
Project("{FAE04EC0-301F-11D3-BF4B-00C04F79EFBC}") = "Order_App2.Server", "Order_App2\Server\Order_App2.Server.csproj", "{0633F0F9-1957-44CC-AD69-4879E02D87AC}"
EndProject
Project("{FAE04EC0-301F-11D3-BF4B-00C04F79EFBC}") = "Order_App2.Client", "Order_App2\Client\Order_App2.Client.csproj", "{24296BB3-CF8B-4004-BD62-7B4E658156D5}"
EndProject
Project("{FAE04EC0-301F-11D3-BF4B-00C04F79EFBC}") = "Order_App2.Shared", "Order_App2\Shared\Order_App2.Shared.csproj", "{82BA2E32-0DE4-403E-8E7C-3AB34846A1C5}"
EndProject
Global
	GlobalSection(SolutionConfigurationPlatforms) = preSolution
		Debug|Any CPU = Debug|Any CPU
		Release|Any CPU = Release|Any CPU
	EndGlobalSection
	GlobalSection(ProjectConfigurationPlatforms) = postSolution
		{0633F0F9-1957-44CC-AD69-4879E02D87AC}.Debug|Any CPU.ActiveCfg = Debug|Any CPU
		{0633F0F9-1957-44CC-AD69-4879E02D87AC}.Debug|Any CPU.Build.0 = Debug|Any CPU
		{0633F0F9-1957-44CC-AD69-4879E02D87AC}.Release|Any CPU.ActiveCfg = Release|Any CPU
		{0633F0F9-1957-44CC-AD69-4879E02D87AC}.Release|Any CPU.Build.0 = Release|Any CPU
		{24296BB3-CF8B-4004-BD62-7B4E658156D5}.Debug|Any CPU.ActiveCfg = Debug|Any CPU
		{24296BB3-CF8B-4004-BD62-7B4E658156D5}.Debug|Any CPU.Build.0 = Debug|Any CPU
		{24296BB3-CF8B-4004-BD62-7B4E658156D5}.Release|Any CPU.ActiveCfg = Release|Any CPU
		{24296BB3-CF8B-4004-BD62-7B4E658156D5}.Release|Any CPU.Build.0 = Release|Any CPU
		{82BA2E32-0DE4-403E-8E7C-3AB34846A1C5}.Debug|Any CPU.ActiveCfg = Debug|Any CPU
		{82BA2E32-0DE4-403E-8E7C-3AB34846A1C5}.Debug|Any CPU.Build.0 = Debug|Any CPU
		{82BA2E32-0DE4-403E-8E7C-3AB34846A1C5}.Release|Any CPU.ActiveCfg = Release|Any CPU
		{82BA2E32-0DE4-403E-8E7C-3AB34846A1C5}.Release|Any CPU.Build.0 = Release|Any CPU
	EndGlobalSection
	GlobalSection(SolutionProperties) = preSolution
		HideSolutionNode = FALSE
	EndGlobalSection
	GlobalSection(ExtensibilityGlobals) = postSolution
		SolutionGuid = {14BFE075-3B1D-42AD-9E92-74B07B34CA76}
	EndGlobalSection
EndGlobal
